// !$*UTF8*$!
{
	archiveVersion = 1;
	classes = {
	};
	objectVersion = 50;
	objects = {

/* Begin PBXBuildFile section */
		1CF3DD7835A9EC816B744E62 /* Pods_FlixxxxTests.framework in Frameworks */ = {isa = PBXBuildFile; fileRef = 232BDA714B491BEABE814D6A /* Pods_FlixxxxTests.framework */; };
		64561951215949750056E5EE /* DetailViewController.swift in Sources */ = {isa = PBXBuildFile; fileRef = 64561950215949750056E5EE /* DetailViewController.swift */; };
		64834B2A2151B03700A7C85B /* AppDelegate.swift in Sources */ = {isa = PBXBuildFile; fileRef = 64834B292151B03700A7C85B /* AppDelegate.swift */; };
		64834B2C2151B03700A7C85B /* ViewController.swift in Sources */ = {isa = PBXBuildFile; fileRef = 64834B2B2151B03700A7C85B /* ViewController.swift */; };
		64834B2F2151B03700A7C85B /* Main.storyboard in Resources */ = {isa = PBXBuildFile; fileRef = 64834B2D2151B03700A7C85B /* Main.storyboard */; };
		64834B312151B03700A7C85B /* Assets.xcassets in Resources */ = {isa = PBXBuildFile; fileRef = 64834B302151B03700A7C85B /* Assets.xcassets */; };
		64834B342151B03700A7C85B /* LaunchScreen.storyboard in Resources */ = {isa = PBXBuildFile; fileRef = 64834B322151B03700A7C85B /* LaunchScreen.storyboard */; };
		64834B3F2151B03700A7C85B /* FlixxxxTests.swift in Sources */ = {isa = PBXBuildFile; fileRef = 64834B3E2151B03700A7C85B /* FlixxxxTests.swift */; };
		64834B4A2151B03700A7C85B /* FlixxxxUITests.swift in Sources */ = {isa = PBXBuildFile; fileRef = 64834B492151B03700A7C85B /* FlixxxxUITests.swift */; };
		64834B582151B62800A7C85B /* MovieCellTableViewCell.swift in Sources */ = {isa = PBXBuildFile; fileRef = 64834B572151B62700A7C85B /* MovieCellTableViewCell.swift */; };
		8421131C2CD43869B855DC38 /* Pods_FlixxxxUITests.framework in Frameworks */ = {isa = PBXBuildFile; fileRef = 85CDBBCAEDD5D69383759CDB /* Pods_FlixxxxUITests.framework */; };
		CCF68F25CABFEA6D84937CAF /* Pods_Flixxxx.framework in Frameworks */ = {isa = PBXBuildFile; fileRef = 665A23FB1F1AF97242F4EFC7 /* Pods_Flixxxx.framework */; };
/* End PBXBuildFile section */

/* Begin PBXContainerItemProxy section */
		64834B3B2151B03700A7C85B /* PBXContainerItemProxy */ = {
			isa = PBXContainerItemProxy;
			containerPortal = 64834B1E2151B03600A7C85B /* Project object */;
			proxyType = 1;
			remoteGlobalIDString = 64834B252151B03600A7C85B;
			remoteInfo = Flixxxx;
		};
		64834B462151B03700A7C85B /* PBXContainerItemProxy */ = {
			isa = PBXContainerItemProxy;
			containerPortal = 64834B1E2151B03600A7C85B /* Project object */;
			proxyType = 1;
			remoteGlobalIDString = 64834B252151B03600A7C85B;
			remoteInfo = Flixxxx;
		};
/* End PBXContainerItemProxy section */

/* Begin PBXFileReference section */
		1C042A1A8442E2C9E6D04B2C /* Pods-FlixxxxUITests.debug.xcconfig */ = {isa = PBXFileReference; includeInIndex = 1; lastKnownFileType = text.xcconfig; name = "Pods-FlixxxxUITests.debug.xcconfig"; path = "Pods/Target Support Files/Pods-FlixxxxUITests/Pods-FlixxxxUITests.debug.xcconfig"; sourceTree = "<group>"; };
		232BDA714B491BEABE814D6A /* Pods_FlixxxxTests.framework */ = {isa = PBXFileReference; explicitFileType = wrapper.framework; includeInIndex = 0; path = Pods_FlixxxxTests.framework; sourceTree = BUILT_PRODUCTS_DIR; };
		29AFC4D29DE17E660EFD3098 /* Pods-Flixxxx.debug.xcconfig */ = {isa = PBXFileReference; includeInIndex = 1; lastKnownFileType = text.xcconfig; name = "Pods-Flixxxx.debug.xcconfig"; path = "Pods/Target Support Files/Pods-Flixxxx/Pods-Flixxxx.debug.xcconfig"; sourceTree = "<group>"; };
		4F63F49EEDB36D9610400B67 /* Pods-Flixxxx.release.xcconfig */ = {isa = PBXFileReference; includeInIndex = 1; lastKnownFileType = text.xcconfig; name = "Pods-Flixxxx.release.xcconfig"; path = "Pods/Target Support Files/Pods-Flixxxx/Pods-Flixxxx.release.xcconfig"; sourceTree = "<group>"; };
		5C92E0DCDDB80C04CC3EB725 /* Pods-FlixxxxTests.debug.xcconfig */ = {isa = PBXFileReference; includeInIndex = 1; lastKnownFileType = text.xcconfig; name = "Pods-FlixxxxTests.debug.xcconfig"; path = "Pods/Target Support Files/Pods-FlixxxxTests/Pods-FlixxxxTests.debug.xcconfig"; sourceTree = "<group>"; };
		5F38471BDC445F17D0CB8B1A /* Pods-FlixxxxTests.release.xcconfig */ = {isa = PBXFileReference; includeInIndex = 1; lastKnownFileType = text.xcconfig; name = "Pods-FlixxxxTests.release.xcconfig"; path = "Pods/Target Support Files/Pods-FlixxxxTests/Pods-FlixxxxTests.release.xcconfig"; sourceTree = "<group>"; };
		64561950215949750056E5EE /* DetailViewController.swift */ = {isa = PBXFileReference; lastKnownFileType = sourcecode.swift; path = DetailViewController.swift; sourceTree = "<group>"; };
		64834B262151B03600A7C85B /* Flixxxx.app */ = {isa = PBXFileReference; explicitFileType = wrapper.application; includeInIndex = 0; path = Flixxxx.app; sourceTree = BUILT_PRODUCTS_DIR; };
		64834B292151B03700A7C85B /* AppDelegate.swift */ = {isa = PBXFileReference; lastKnownFileType = sourcecode.swift; path = AppDelegate.swift; sourceTree = "<group>"; };
		64834B2B2151B03700A7C85B /* ViewController.swift */ = {isa = PBXFileReference; lastKnownFileType = sourcecode.swift; path = ViewController.swift; sourceTree = "<group>"; };
		64834B2E2151B03700A7C85B /* Base */ = {isa = PBXFileReference; lastKnownFileType = file.storyboard; name = Base; path = Base.lproj/Main.storyboard; sourceTree = "<group>"; };
		64834B302151B03700A7C85B /* Assets.xcassets */ = {isa = PBXFileReference; lastKnownFileType = folder.assetcatalog; path = Assets.xcassets; sourceTree = "<group>"; };
		64834B332151B03700A7C85B /* Base */ = {isa = PBXFileReference; lastKnownFileType = file.storyboard; name = Base; path = Base.lproj/LaunchScreen.storyboard; sourceTree = "<group>"; };
		64834B352151B03700A7C85B /* Info.plist */ = {isa = PBXFileReference; lastKnownFileType = text.plist.xml; path = Info.plist; sourceTree = "<group>"; };
		64834B3A2151B03700A7C85B /* FlixxxxTests.xctest */ = {isa = PBXFileReference; explicitFileType = wrapper.cfbundle; includeInIndex = 0; path = FlixxxxTests.xctest; sourceTree = BUILT_PRODUCTS_DIR; };
		64834B3E2151B03700A7C85B /* FlixxxxTests.swift */ = {isa = PBXFileReference; lastKnownFileType = sourcecode.swift; path = FlixxxxTests.swift; sourceTree = "<group>"; };
		64834B402151B03700A7C85B /* Info.plist */ = {isa = PBXFileReference; lastKnownFileType = text.plist.xml; path = Info.plist; sourceTree = "<group>"; };
		64834B452151B03700A7C85B /* FlixxxxUITests.xctest */ = {isa = PBXFileReference; explicitFileType = wrapper.cfbundle; includeInIndex = 0; path = FlixxxxUITests.xctest; sourceTree = BUILT_PRODUCTS_DIR; };
		64834B492151B03700A7C85B /* FlixxxxUITests.swift */ = {isa = PBXFileReference; lastKnownFileType = sourcecode.swift; path = FlixxxxUITests.swift; sourceTree = "<group>"; };
		64834B4B2151B03700A7C85B /* Info.plist */ = {isa = PBXFileReference; lastKnownFileType = text.plist.xml; path = Info.plist; sourceTree = "<group>"; };
		64834B572151B62700A7C85B /* MovieCellTableViewCell.swift */ = {isa = PBXFileReference; lastKnownFileType = sourcecode.swift; path = MovieCellTableViewCell.swift; sourceTree = "<group>"; };
		665A23FB1F1AF97242F4EFC7 /* Pods_Flixxxx.framework */ = {isa = PBXFileReference; explicitFileType = wrapper.framework; includeInIndex = 0; path = Pods_Flixxxx.framework; sourceTree = BUILT_PRODUCTS_DIR; };
		81E3261E68FF9BCE32F7503B /* Pods-FlixxxxUITests.release.xcconfig */ = {isa = PBXFileReference; includeInIndex = 1; lastKnownFileType = text.xcconfig; name = "Pods-FlixxxxUITests.release.xcconfig"; path = "Pods/Target Support Files/Pods-FlixxxxUITests/Pods-FlixxxxUITests.release.xcconfig"; sourceTree = "<group>"; };
		85CDBBCAEDD5D69383759CDB /* Pods_FlixxxxUITests.framework */ = {isa = PBXFileReference; explicitFileType = wrapper.framework; includeInIndex = 0; path = Pods_FlixxxxUITests.framework; sourceTree = BUILT_PRODUCTS_DIR; };
/* End PBXFileReference section */

/* Begin PBXFrameworksBuildPhase section */
		64834B232151B03600A7C85B /* Frameworks */ = {
			isa = PBXFrameworksBuildPhase;
			buildActionMask = 2147483647;
			files = (
				CCF68F25CABFEA6D84937CAF /* Pods_Flixxxx.framework in Frameworks */,
			);
			runOnlyForDeploymentPostprocessing = 0;
		};
		64834B372151B03700A7C85B /* Frameworks */ = {
			isa = PBXFrameworksBuildPhase;
			buildActionMask = 2147483647;
			files = (
				1CF3DD7835A9EC816B744E62 /* Pods_FlixxxxTests.framework in Frameworks */,
			);
			runOnlyForDeploymentPostprocessing = 0;
		};
		64834B422151B03700A7C85B /* Frameworks */ = {
			isa = PBXFrameworksBuildPhase;
			buildActionMask = 2147483647;
			files = (
				8421131C2CD43869B855DC38 /* Pods_FlixxxxUITests.framework in Frameworks */,
			);
			runOnlyForDeploymentPostprocessing = 0;
		};
/* End PBXFrameworksBuildPhase section */

/* Begin PBXGroup section */
		30C41DC439F5D093465AF2CF /* Pods */ = {
			isa = PBXGroup;
			children = (
				29AFC4D29DE17E660EFD3098 /* Pods-Flixxxx.debug.xcconfig */,
				4F63F49EEDB36D9610400B67 /* Pods-Flixxxx.release.xcconfig */,
				5C92E0DCDDB80C04CC3EB725 /* Pods-FlixxxxTests.debug.xcconfig */,
				5F38471BDC445F17D0CB8B1A /* Pods-FlixxxxTests.release.xcconfig */,
				1C042A1A8442E2C9E6D04B2C /* Pods-FlixxxxUITests.debug.xcconfig */,
				81E3261E68FF9BCE32F7503B /* Pods-FlixxxxUITests.release.xcconfig */,
			);
			name = Pods;
			sourceTree = "<group>";
		};
		64834B1D2151B03600A7C85B = {
			isa = PBXGroup;
			children = (
				64834B282151B03600A7C85B /* Flixxxx */,
				64834B3D2151B03700A7C85B /* FlixxxxTests */,
				64834B482151B03700A7C85B /* FlixxxxUITests */,
				64834B272151B03600A7C85B /* Products */,
				30C41DC439F5D093465AF2CF /* Pods */,
				6A97F69F4B46BAF2EDFA8F31 /* Frameworks */,
			);
			sourceTree = "<group>";
		};
		64834B272151B03600A7C85B /* Products */ = {
			isa = PBXGroup;
			children = (
				64834B262151B03600A7C85B /* Flixxxx.app */,
				64834B3A2151B03700A7C85B /* FlixxxxTests.xctest */,
				64834B452151B03700A7C85B /* FlixxxxUITests.xctest */,
			);
			name = Products;
			sourceTree = "<group>";
		};
		64834B282151B03600A7C85B /* Flixxxx */ = {
			isa = PBXGroup;
			children = (
				64834B292151B03700A7C85B /* AppDelegate.swift */,
				64834B2B2151B03700A7C85B /* ViewController.swift */,
				64834B2D2151B03700A7C85B /* Main.storyboard */,
				64561950215949750056E5EE /* DetailViewController.swift */,
				64834B302151B03700A7C85B /* Assets.xcassets */,
				64834B322151B03700A7C85B /* LaunchScreen.storyboard */,
				64834B352151B03700A7C85B /* Info.plist */,
				64834B572151B62700A7C85B /* MovieCellTableViewCell.swift */,
			);
			path = Flixxxx;
			sourceTree = "<group>";
		};
		64834B3D2151B03700A7C85B /* FlixxxxTests */ = {
			isa = PBXGroup;
			children = (
				64834B3E2151B03700A7C85B /* FlixxxxTests.swift */,
				64834B402151B03700A7C85B /* Info.plist */,
			);
			path = FlixxxxTests;
			sourceTree = "<group>";
		};
		64834B482151B03700A7C85B /* FlixxxxUITests */ = {
			isa = PBXGroup;
			children = (
				64834B492151B03700A7C85B /* FlixxxxUITests.swift */,
				64834B4B2151B03700A7C85B /* Info.plist */,
			);
			path = FlixxxxUITests;
			sourceTree = "<group>";
		};
		6A97F69F4B46BAF2EDFA8F31 /* Frameworks */ = {
			isa = PBXGroup;
			children = (
				665A23FB1F1AF97242F4EFC7 /* Pods_Flixxxx.framework */,
				232BDA714B491BEABE814D6A /* Pods_FlixxxxTests.framework */,
				85CDBBCAEDD5D69383759CDB /* Pods_FlixxxxUITests.framework */,
			);
			name = Frameworks;
			sourceTree = "<group>";
		};
/* End PBXGroup section */

/* Begin PBXNativeTarget section */
		64834B252151B03600A7C85B /* Flixxxx */ = {
			isa = PBXNativeTarget;
			buildConfigurationList = 64834B4E2151B03700A7C85B /* Build configuration list for PBXNativeTarget "Flixxxx" */;
			buildPhases = (
				F5D36A8F5B90F8CE01DC6486 /* [CP] Check Pods Manifest.lock */,
				64834B222151B03600A7C85B /* Sources */,
				64834B232151B03600A7C85B /* Frameworks */,
				64834B242151B03600A7C85B /* Resources */,
				C1C3FF86CAA5B151AA696287 /* [CP] Embed Pods Frameworks */,
			);
			buildRules = (
			);
			dependencies = (
			);
			name = Flixxxx;
			productName = Flixxxx;
			productReference = 64834B262151B03600A7C85B /* Flixxxx.app */;
			productType = "com.apple.product-type.application";
		};
		64834B392151B03700A7C85B /* FlixxxxTests */ = {
			isa = PBXNativeTarget;
			buildConfigurationList = 64834B512151B03700A7C85B /* Build configuration list for PBXNativeTarget "FlixxxxTests" */;
			buildPhases = (
				6FAF19CBC32ADAC7DAF033BF /* [CP] Check Pods Manifest.lock */,
				64834B362151B03700A7C85B /* Sources */,
				64834B372151B03700A7C85B /* Frameworks */,
				64834B382151B03700A7C85B /* Resources */,
			);
			buildRules = (
			);
			dependencies = (
				64834B3C2151B03700A7C85B /* PBXTargetDependency */,
			);
			name = FlixxxxTests;
			productName = FlixxxxTests;
			productReference = 64834B3A2151B03700A7C85B /* FlixxxxTests.xctest */;
			productType = "com.apple.product-type.bundle.unit-test";
		};
		64834B442151B03700A7C85B /* FlixxxxUITests */ = {
			isa = PBXNativeTarget;
			buildConfigurationList = 64834B542151B03700A7C85B /* Build configuration list for PBXNativeTarget "FlixxxxUITests" */;
			buildPhases = (
				C0A172BAE3AEBA4CB331A746 /* [CP] Check Pods Manifest.lock */,
				64834B412151B03700A7C85B /* Sources */,
				64834B422151B03700A7C85B /* Frameworks */,
				64834B432151B03700A7C85B /* Resources */,
			);
			buildRules = (
			);
			dependencies = (
				64834B472151B03700A7C85B /* PBXTargetDependency */,
			);
			name = FlixxxxUITests;
			productName = FlixxxxUITests;
			productReference = 64834B452151B03700A7C85B /* FlixxxxUITests.xctest */;
			productType = "com.apple.product-type.bundle.ui-testing";
		};
/* End PBXNativeTarget section */

/* Begin PBXProject section */
		64834B1E2151B03600A7C85B /* Project object */ = {
			isa = PBXProject;
			attributes = {
				LastSwiftUpdateCheck = 0940;
				LastUpgradeCheck = 0940;
				ORGANIZATIONNAME = "Jules Frantz Stephane Loubeau";
				TargetAttributes = {
					64834B252151B03600A7C85B = {
						CreatedOnToolsVersion = 9.4.1;
					};
					64834B392151B03700A7C85B = {
						CreatedOnToolsVersion = 9.4.1;
						TestTargetID = 64834B252151B03600A7C85B;
					};
					64834B442151B03700A7C85B = {
						CreatedOnToolsVersion = 9.4.1;
						TestTargetID = 64834B252151B03600A7C85B;
					};
				};
			};
			buildConfigurationList = 64834B212151B03600A7C85B /* Build configuration list for PBXProject "Flixxxx" */;
			compatibilityVersion = "Xcode 9.3";
			developmentRegion = en;
			hasScannedForEncodings = 0;
			knownRegions = (
				en,
				Base,
			);
			mainGroup = 64834B1D2151B03600A7C85B;
			productRefGroup = 64834B272151B03600A7C85B /* Products */;
			projectDirPath = "";
			projectRoot = "";
			targets = (
				64834B252151B03600A7C85B /* Flixxxx */,
				64834B392151B03700A7C85B /* FlixxxxTests */,
				64834B442151B03700A7C85B /* FlixxxxUITests */,
			);
		};
/* End PBXProject section */

/* Begin PBXResourcesBuildPhase section */
		64834B242151B03600A7C85B /* Resources */ = {
			isa = PBXResourcesBuildPhase;
			buildActionMask = 2147483647;
			files = (
				64834B342151B03700A7C85B /* LaunchScreen.storyboard in Resources */,
				64834B312151B03700A7C85B /* Assets.xcassets in Resources */,
				64834B2F2151B03700A7C85B /* Main.storyboard in Resources */,
			);
			runOnlyForDeploymentPostprocessing = 0;
		};
		64834B382151B03700A7C85B /* Resources */ = {
			isa = PBXResourcesBuildPhase;
			buildActionMask = 2147483647;
			files = (
			);
			runOnlyForDeploymentPostprocessing = 0;
		};
		64834B432151B03700A7C85B /* Resources */ = {
			isa = PBXResourcesBuildPhase;
			buildActionMask = 2147483647;
			files = (
			);
			runOnlyForDeploymentPostprocessing = 0;
		};
/* End PBXResourcesBuildPhase section */

/* Begin PBXShellScriptBuildPhase section */
		6FAF19CBC32ADAC7DAF033BF /* [CP] Check Pods Manifest.lock */ = {
			isa = PBXShellScriptBuildPhase;
			buildActionMask = 2147483647;
			files = (
			);
			inputPaths = (
				"${PODS_PODFILE_DIR_PATH}/Podfile.lock",
				"${PODS_ROOT}/Manifest.lock",
			);
			name = "[CP] Check Pods Manifest.lock";
			outputPaths = (
				"$(DERIVED_FILE_DIR)/Pods-FlixxxxTests-checkManifestLockResult.txt",
			);
			runOnlyForDeploymentPostprocessing = 0;
			shellPath = /bin/sh;
			shellScript = "diff \"${PODS_PODFILE_DIR_PATH}/Podfile.lock\" \"${PODS_ROOT}/Manifest.lock\" > /dev/null\nif [ $? != 0 ] ; then\n    # print error to STDERR\n    echo \"error: The sandbox is not in sync with the Podfile.lock. Run 'pod install' or update your CocoaPods installation.\" >&2\n    exit 1\nfi\n# This output is used by Xcode 'outputs' to avoid re-running this script phase.\necho \"SUCCESS\" > \"${SCRIPT_OUTPUT_FILE_0}\"\n";
			showEnvVarsInLog = 0;
		};
		C0A172BAE3AEBA4CB331A746 /* [CP] Check Pods Manifest.lock */ = {
			isa = PBXShellScriptBuildPhase;
			buildActionMask = 2147483647;
			files = (
			);
			inputPaths = (
				"${PODS_PODFILE_DIR_PATH}/Podfile.lock",
				"${PODS_ROOT}/Manifest.lock",
			);
			name = "[CP] Check Pods Manifest.lock";
			outputPaths = (
				"$(DERIVED_FILE_DIR)/Pods-FlixxxxUITests-checkManifestLockResult.txt",
			);
			runOnlyForDeploymentPostprocessing = 0;
			shellPath = /bin/sh;
			shellScript = "diff \"${PODS_PODFILE_DIR_PATH}/Podfile.lock\" \"${PODS_ROOT}/Manifest.lock\" > /dev/null\nif [ $? != 0 ] ; then\n    # print error to STDERR\n    echo \"error: The sandbox is not in sync with the Podfile.lock. Run 'pod install' or update your CocoaPods installation.\" >&2\n    exit 1\nfi\n# This output is used by Xcode 'outputs' to avoid re-running this script phase.\necho \"SUCCESS\" > \"${SCRIPT_OUTPUT_FILE_0}\"\n";
			showEnvVarsInLog = 0;
		};
		C1C3FF86CAA5B151AA696287 /* [CP] Embed Pods Frameworks */ = {
			isa = PBXShellScriptBuildPhase;
			buildActionMask = 2147483647;
			files = (
			);
			inputPaths = (
				"${SRCROOT}/Pods/Target Support Files/Pods-Flixxxx/Pods-Flixxxx-frameworks.sh",
				"${BUILT_PRODUCTS_DIR}/Alamofire/Alamofire.framework",
				"${BUILT_PRODUCTS_DIR}/AlamofireImage/AlamofireImage.framework",
			);
			name = "[CP] Embed Pods Frameworks";
			outputPaths = (
				"${TARGET_BUILD_DIR}/${FRAMEWORKS_FOLDER_PATH}/Alamofire.framework",
				"${TARGET_BUILD_DIR}/${FRAMEWORKS_FOLDER_PATH}/AlamofireImage.framework",
			);
			runOnlyForDeploymentPostprocessing = 0;
			shellPath = /bin/sh;
			shellScript = "\"${SRCROOT}/Pods/Target Support Files/Pods-Flixxxx/Pods-Flixxxx-frameworks.sh\"\n";
			showEnvVarsInLog = 0;
		};
		F5D36A8F5B90F8CE01DC6486 /* [CP] Check Pods Manifest.lock */ = {
			isa = PBXShellScriptBuildPhase;
			buildActionMask = 2147483647;
			files = (
			);
			inputPaths = (
				"${PODS_PODFILE_DIR_PATH}/Podfile.lock",
				"${PODS_ROOT}/Manifest.lock",
			);
			name = "[CP] Check Pods Manifest.lock";
			outputPaths = (
				"$(DERIVED_FILE_DIR)/Pods-Flixxxx-checkManifestLockResult.txt",
			);
			runOnlyForDeploymentPostprocessing = 0;
			shellPath = /bin/sh;
			shellScript = "diff \"${PODS_PODFILE_DIR_PATH}/Podfile.lock\" \"${PODS_ROOT}/Manifest.lock\" > /dev/null\nif [ $? != 0 ] ; then\n    # print error to STDERR\n    echo \"error: The sandbox is not in sync with the Podfile.lock. Run 'pod install' or update your CocoaPods installation.\" >&2\n    exit 1\nfi\n# This output is used by Xcode 'outputs' to avoid re-running this script phase.\necho \"SUCCESS\" > \"${SCRIPT_OUTPUT_FILE_0}\"\n";
			showEnvVarsInLog = 0;
		};
/* End PBXShellScriptBuildPhase section */

/* Begin PBXSourcesBuildPhase section */
		64834B222151B03600A7C85B /* Sources */ = {
			isa = PBXSourcesBuildPhase;
			buildActionMask = 2147483647;
			files = (
				64834B582151B62800A7C85B /* MovieCellTableViewCell.swift in Sources */,
				64834B2C2151B03700A7C85B /* ViewController.swift in Sources */,
				64834B2A2151B03700A7C85B /* AppDelegate.swift in Sources */,
				64561951215949750056E5EE /* DetailViewController.swift in Sources */,
			);
			runOnlyForDeploymentPostprocessing = 0;
		};
		64834B362151B03700A7C85B /* Sources */ = {
			isa = PBXSourcesBuildPhase;
			buildActionMask = 2147483647;
			files = (
				64834B3F2151B03700A7C85B /* FlixxxxTests.swift in Sources */,
			);
			runOnlyForDeploymentPostprocessing = 0;
		};
		64834B412151B03700A7C85B /* Sources */ = {
			isa = PBXSourcesBuildPhase;
			buildActionMask = 2147483647;
			files = (
				64834B4A2151B03700A7C85B /* FlixxxxUITests.swift in Sources */,
			);
			runOnlyForDeploymentPostprocessing = 0;
		};
/* End PBXSourcesBuildPhase section */

/* Begin PBXTargetDependency section */
		64834B3C2151B03700A7C85B /* PBXTargetDependency */ = {
			isa = PBXTargetDependency;
			target = 64834B252151B03600A7C85B /* Flixxxx */;
			targetProxy = 64834B3B2151B03700A7C85B /* PBXContainerItemProxy */;
		};
		64834B472151B03700A7C85B /* PBXTargetDependency */ = {
			isa = PBXTargetDependency;
			target = 64834B252151B03600A7C85B /* Flixxxx */;
			targetProxy = 64834B462151B03700A7C85B /* PBXContainerItemProxy */;
		};
/* End PBXTargetDependency section */

/* Begin PBXVariantGroup section */
		64834B2D2151B03700A7C85B /* Main.storyboard */ = {
			isa = PBXVariantGroup;
			children = (
				64834B2E2151B03700A7C85B /* Base */,
			);
			name = Main.storyboard;
			sourceTree = "<group>";
		};
		64834B322151B03700A7C85B /* LaunchScreen.storyboard */ = {
			isa = PBXVariantGroup;
			children = (
				64834B332151B03700A7C85B /* Base */,
			);
			name = LaunchScreen.storyboard;
			sourceTree = "<group>";
		};
/* End PBXVariantGroup section */

/* Begin XCBuildConfiguration section */
		64834B4C2151B03700A7C85B /* Debug */ = {
			isa = XCBuildConfiguration;
			buildSettings = {
				ALWAYS_SEARCH_USER_PATHS = NO;
				CLANG_ANALYZER_NONNULL = YES;
				CLANG_ANALYZER_NUMBER_OBJECT_CONVERSION = YES_AGGRESSIVE;
				CLANG_CXX_LANGUAGE_STANDARD = "gnu++14";
				CLANG_CXX_LIBRARY = "libc++";
				CLANG_ENABLE_MODULES = YES;
				CLANG_ENABLE_OBJC_ARC = YES;
				CLANG_ENABLE_OBJC_WEAK = YES;
				CLANG_WARN_BLOCK_CAPTURE_AUTORELEASING = YES;
				CLANG_WARN_BOOL_CONVERSION = YES;
				CLANG_WARN_COMMA = YES;
				CLANG_WARN_CONSTANT_CONVERSION = YES;
				CLANG_WARN_DEPRECATED_OBJC_IMPLEMENTATIONS = YES;
				CLANG_WARN_DIRECT_OBJC_ISA_USAGE = YES_ERROR;
				CLANG_WARN_DOCUMENTATION_COMMENTS = YES;
				CLANG_WARN_EMPTY_BODY = YES;
				CLANG_WARN_ENUM_CONVERSION = YES;
				CLANG_WARN_INFINITE_RECURSION = YES;
				CLANG_WARN_INT_CONVERSION = YES;
				CLANG_WARN_NON_LITERAL_NULL_CONVERSION = YES;
				CLANG_WARN_OBJC_IMPLICIT_RETAIN_SELF = YES;
				CLANG_WARN_OBJC_LITERAL_CONVERSION = YES;
				CLANG_WARN_OBJC_ROOT_CLASS = YES_ERROR;
				CLANG_WARN_RANGE_LOOP_ANALYSIS = YES;
				CLANG_WARN_STRICT_PROTOTYPES = YES;
				CLANG_WARN_SUSPICIOUS_MOVE = YES;
				CLANG_WARN_UNGUARDED_AVAILABILITY = YES_AGGRESSIVE;
				CLANG_WARN_UNREACHABLE_CODE = YES;
				CLANG_WARN__DUPLICATE_METHOD_MATCH = YES;
				CODE_SIGN_IDENTITY = "iPhone Developer";
				COPY_PHASE_STRIP = NO;
				DEBUG_INFORMATION_FORMAT = dwarf;
				ENABLE_STRICT_OBJC_MSGSEND = YES;
				ENABLE_TESTABILITY = YES;
				GCC_C_LANGUAGE_STANDARD = gnu11;
				GCC_DYNAMIC_NO_PIC = NO;
				GCC_NO_COMMON_BLOCKS = YES;
				GCC_OPTIMIZATION_LEVEL = 0;
				GCC_PREPROCESSOR_DEFINITIONS = (
					"DEBUG=1",
					"$(inherited)",
				);
				GCC_WARN_64_TO_32_BIT_CONVERSION = YES;
				GCC_WARN_ABOUT_RETURN_TYPE = YES_ERROR;
				GCC_WARN_UNDECLARED_SELECTOR = YES;
				GCC_WARN_UNINITIALIZED_AUTOS = YES_AGGRESSIVE;
				GCC_WARN_UNUSED_FUNCTION = YES;
				GCC_WARN_UNUSED_VARIABLE = YES;
				IPHONEOS_DEPLOYMENT_TARGET = 11.4;
				MTL_ENABLE_DEBUG_INFO = YES;
				ONLY_ACTIVE_ARCH = YES;
				SDKROOT = iphoneos;
				SWIFT_ACTIVE_COMPILATION_CONDITIONS = DEBUG;
				SWIFT_OPTIMIZATION_LEVEL = "-Onone";
			};
			name = Debug;
		};
		64834B4D2151B03700A7C85B /* Release */ = {
			isa = XCBuildConfiguration;
			buildSettings = {
				ALWAYS_SEARCH_USER_PATHS = NO;
				CLANG_ANALYZER_NONNULL = YES;
				CLANG_ANALYZER_NUMBER_OBJECT_CONVERSION = YES_AGGRESSIVE;
				CLANG_CXX_LANGUAGE_STANDARD = "gnu++14";
				CLANG_CXX_LIBRARY = "libc++";
				CLANG_ENABLE_MODULES = YES;
				CLANG_ENABLE_OBJC_ARC = YES;
				CLANG_ENABLE_OBJC_WEAK = YES;
				CLANG_WARN_BLOCK_CAPTURE_AUTORELEASING = YES;
				CLANG_WARN_BOOL_CONVERSION = YES;
				CLANG_WARN_COMMA = YES;
				CLANG_WARN_CONSTANT_CONVERSION = YES;
				CLANG_WARN_DEPRECATED_OBJC_IMPLEMENTATIONS = YES;
				CLANG_WARN_DIRECT_OBJC_ISA_USAGE = YES_ERROR;
				CLANG_WARN_DOCUMENTATION_COMMENTS = YES;
				CLANG_WARN_EMPTY_BODY = YES;
				CLANG_WARN_ENUM_CONVERSION = YES;
				CLANG_WARN_INFINITE_RECURSION = YES;
				CLANG_WARN_INT_CONVERSION = YES;
				CLANG_WARN_NON_LITERAL_NULL_CONVERSION = YES;
				CLANG_WARN_OBJC_IMPLICIT_RETAIN_SELF = YES;
				CLANG_WARN_OBJC_LITERAL_CONVERSION = YES;
				CLANG_WARN_OBJC_ROOT_CLASS = YES_ERROR;
				CLANG_WARN_RANGE_LOOP_ANALYSIS = YES;
				CLANG_WARN_STRICT_PROTOTYPES = YES;
				CLANG_WARN_SUSPICIOUS_MOVE = YES;
				CLANG_WARN_UNGUARDED_AVAILABILITY = YES_AGGRESSIVE;
				CLANG_WARN_UNREACHABLE_CODE = YES;
				CLANG_WARN__DUPLICATE_METHOD_MATCH = YES;
				CODE_SIGN_IDENTITY = "iPhone Developer";
				COPY_PHASE_STRIP = NO;
				DEBUG_INFORMATION_FORMAT = "dwarf-with-dsym";
				ENABLE_NS_ASSERTIONS = NO;
				ENABLE_STRICT_OBJC_MSGSEND = YES;
				GCC_C_LANGUAGE_STANDARD = gnu11;
				GCC_NO_COMMON_BLOCKS = YES;
				GCC_WARN_64_TO_32_BIT_CONVERSION = YES;
				GCC_WARN_ABOUT_RETURN_TYPE = YES_ERROR;
				GCC_WARN_UNDECLARED_SELECTOR = YES;
				GCC_WARN_UNINITIALIZED_AUTOS = YES_AGGRESSIVE;
				GCC_WARN_UNUSED_FUNCTION = YES;
				GCC_WARN_UNUSED_VARIABLE = YES;
				IPHONEOS_DEPLOYMENT_TARGET = 11.4;
				MTL_ENABLE_DEBUG_INFO = NO;
				SDKROOT = iphoneos;
				SWIFT_COMPILATION_MODE = wholemodule;
				SWIFT_OPTIMIZATION_LEVEL = "-O";
				VALIDATE_PRODUCT = YES;
			};
			name = Release;
		};
		64834B4F2151B03700A7C85B /* Debug */ = {
			isa = XCBuildConfiguration;
			baseConfigurationReference = 29AFC4D29DE17E660EFD3098 /* Pods-Flixxxx.debug.xcconfig */;
			buildSettings = {
				ASSETCATALOG_COMPILER_APPICON_NAME = AppIcon;
				CODE_SIGN_STYLE = Automatic;
				INFOPLIST_FILE = Flixxxx/Info.plist;
				LD_RUNPATH_SEARCH_PATHS = (
					"$(inherited)",
					"@executable_path/Frameworks",
				);
				PRODUCT_BUNDLE_IDENTIFIER = jfsl.Flixxxx;
				PRODUCT_NAME = "$(TARGET_NAME)";
				SWIFT_VERSION = 4.0;
				TARGETED_DEVICE_FAMILY = "1,2";
			};
			name = Debug;
		};
		64834B502151B03700A7C85B /* Release */ = {
			isa = XCBuildConfiguration;
			baseConfigurationReference = 4F63F49EEDB36D9610400B67 /* Pods-Flixxxx.release.xcconfig */;
			buildSettings = {
				ASSETCATALOG_COMPILER_APPICON_NAME = AppIcon;
				CODE_SIGN_STYLE = Automatic;
				INFOPLIST_FILE = Flixxxx/Info.plist;
				LD_RUNPATH_SEARCH_PATHS = (
					"$(inherited)",
					"@executable_path/Frameworks",
				);
				PRODUCT_BUNDLE_IDENTIFIER = jfsl.Flixxxx;
				PRODUCT_NAME = "$(TARGET_NAME)";
				SWIFT_VERSION = 4.0;
				TARGETED_DEVICE_FAMILY = "1,2";
			};
			name = Release;
		};
		64834B522151B03700A7C85B /* Debug */ = {
			isa = XCBuildConfiguration;
			baseConfigurationReference = 5C92E0DCDDB80C04CC3EB725 /* Pods-FlixxxxTests.debug.xcconfig */;
			buildSettings = {
				ALWAYS_EMBED_SWIFT_STANDARD_LIBRARIES = YES;
				BUNDLE_LOADER = "$(TEST_HOST)";
				CODE_SIGN_STYLE = Automatic;
				INFOPLIST_FILE = FlixxxxTests/Info.plist;
				LD_RUNPATH_SEARCH_PATHS = (
					"$(inherited)",
					"@executable_path/Frameworks",
					"@loader_path/Frameworks",
				);
				PRODUCT_BUNDLE_IDENTIFIER = jfsl.FlixxxxTests;
				PRODUCT_NAME = "$(TARGET_NAME)";
				SWIFT_VERSION = 4.0;
				TARGETED_DEVICE_FAMILY = "1,2";
				TEST_HOST = "$(BUILT_PRODUCTS_DIR)/Flixxxx.app/Flixxxx";
			};
			name = Debug;
		};
		64834B532151B03700A7C85B /* Release */ = {
			isa = XCBuildConfiguration;
			baseConfigurationReference = 5F38471BDC445F17D0CB8B1A /* Pods-FlixxxxTests.release.xcconfig */;
			buildSettings = {
				ALWAYS_EMBED_SWIFT_STANDARD_LIBRARIES = YES;
				BUNDLE_LOADER = "$(TEST_HOST)";
				CODE_SIGN_STYLE = Automatic;
				INFOPLIST_FILE = FlixxxxTests/Info.plist;
				LD_RUNPATH_SEARCH_PATHS = (
					"$(inherited)",
					"@executable_path/Frameworks",
					"@loader_path/Frameworks",
				);
				PRODUCT_BUNDLE_IDENTIFIER = jfsl.FlixxxxTests;
				PRODUCT_NAME = "$(TARGET_NAME)";
				SWIFT_VERSION = 4.0;
				TARGETED_DEVICE_FAMILY = "1,2";
				TEST_HOST = "$(BUILT_PRODUCTS_DIR)/Flixxxx.app/Flixxxx";
			};
			name = Release;
		};
		64834B552151B03700A7C85B /* Debug */ = {
			isa = XCBuildConfiguration;
			baseConfigurationReference = 1C042A1A8442E2C9E6D04B2C /* Pods-FlixxxxUITests.debug.xcconfig */;
			buildSettings = {
				ALWAYS_EMBED_SWIFT_STANDARD_LIBRARIES = YES;
				CODE_SIGN_STYLE = Automatic;
				INFOPLIST_FILE = FlixxxxUITests/Info.plist;
				LD_RUNPATH_SEARCH_PATHS = (
					"$(inherited)",
					"@executable_path/Frameworks",
					"@loader_path/Frameworks",
				);
				PRODUCT_BUNDLE_IDENTIFIER = jfsl.FlixxxxUITests;
				PRODUCT_NAME = "$(TARGET_NAME)";
				SWIFT_VERSION = 4.0;
				TARGETED_DEVICE_FAMILY = "1,2";
				TEST_TARGET_NAME = Flixxxx;
			};
			name = Debug;
		};
		64834B562151B03700A7C85B /* Release */ = {
			isa = XCBuildConfiguration;
			baseConfigurationReference = 81E3261E68FF9BCE32F7503B /* Pods-FlixxxxUITests.release.xcconfig */;
			buildSettings = {
				ALWAYS_EMBED_SWIFT_STANDARD_LIBRARIES = YES;
				CODE_SIGN_STYLE = Automatic;
				INFOPLIST_FILE = FlixxxxUITests/Info.plist;
				LD_RUNPATH_SEARCH_PATHS = (
					"$(inherited)",
					"@executable_path/Frameworks",
					"@loader_path/Frameworks",
				);
				PRODUCT_BUNDLE_IDENTIFIER = jfsl.FlixxxxUITests;
				PRODUCT_NAME = "$(TARGET_NAME)";
				SWIFT_VERSION = 4.0;
				TARGETED_DEVICE_FAMILY = "1,2";
				TEST_TARGET_NAME = Flixxxx;
			};
			name = Release;
		};
/* End XCBuildConfiguration section */

/* Begin XCConfigurationList section */
		64834B212151B03600A7C85B /* Build configuration list for PBXProject "Flixxxx" */ = {
			isa = XCConfigurationList;
			buildConfigurations = (
				64834B4C2151B03700A7C85B /* Debug */,
				64834B4D2151B03700A7C85B /* Release */,
			);
			defaultConfigurationIsVisible = 0;
			defaultConfigurationName = Release;
		};
		64834B4E2151B03700A7C85B /* Build configuration list for PBXNativeTarget "Flixxxx" */ = {
			isa = XCConfigurationList;
			buildConfigurations = (
				64834B4F2151B03700A7C85B /* Debug */,
				64834B502151B03700A7C85B /* Release */,
			);
			defaultConfigurationIsVisible = 0;
			defaultConfigurationName = Release;
		};
		64834B512151B03700A7C85B /* Build configuration list for PBXNativeTarget "FlixxxxTests" */ = {
			isa = XCConfigurationList;
			buildConfigurations = (
				64834B522151B03700A7C85B /* Debug */,
				64834B532151B03700A7C85B /* Release */,
			);
			defaultConfigurationIsVisible = 0;
			defaultConfigurationName = Release;
		};
		64834B542151B03700A7C85B /* Build configuration list for PBXNativeTarget "FlixxxxUITests" */ = {
			isa = XCConfigurationList;
			buildConfigurations = (
				64834B552151B03700A7C85B /* Debug */,
				64834B562151B03700A7C85B /* Release */,
			);
			defaultConfigurationIsVisible = 0;
			defaultConfigurationName = Release;
		};
/* End XCConfigurationList section */
	};
	rootObject = 64834B1E2151B03600A7C85B /* Project object */;
}
